
Microsoft Visual Studio Solution File, Format Version 12.00
# Visual Studio Version 17
VisualStudioVersion = 17.5.33530.505
MinimumVisualStudioVersion = 10.0.40219.1
Project("{FAE04EC0-301F-11D3-BF4B-00C04F79EFBC}") = "UltimateHelloWorld", "UltimateHelloWorld\UltimateHelloWorld.csproj", "{BC939597-C484-48E7-B365-7D3AA047D48A}"
EndProject
Project("{FAE04EC0-301F-11D3-BF4B-00C04F79EFBC}") = "HelloWorldLibrary", "HelloWorldLibrary\HelloWorldLibrary.csproj", "{0BB39DF5-2938-483C-860F-C7E770B0AFB3}"
EndProject
Global
	GlobalSection(SolutionConfigurationPlatforms) = preSolution
		Debug|Any CPU = Debug|Any CPU
		Release|Any CPU = Release|Any CPU
	EndGlobalSection
	GlobalSection(ProjectConfigurationPlatforms) = postSolution
		{BC939597-C484-48E7-B365-7D3AA047D48A}.Debug|Any CPU.ActiveCfg = Debug|Any CPU
		{BC939597-C484-48E7-B365-7D3AA047D48A}.Debug|Any CPU.Build.0 = Debug|Any CPU
		{BC939597-C484-48E7-B365-7D3AA047D48A}.Release|Any CPU.ActiveCfg = Release|Any CPU
		{BC939597-C484-48E7-B365-7D3AA047D48A}.Release|Any CPU.Build.0 = Release|Any CPU
		{0BB39DF5-2938-483C-860F-C7E770B0AFB3}.Debug|Any CPU.ActiveCfg = Debug|Any CPU
		{0BB39DF5-2938-483C-860F-C7E770B0AFB3}.Debug|Any CPU.Build.0 = Debug|Any CPU
		{0BB39DF5-2938-483C-860F-C7E770B0AFB3}.Release|Any CPU.ActiveCfg = Release|Any CPU
		{0BB39DF5-2938-483C-860F-C7E770B0AFB3}.Release|Any CPU.Build.0 = Release|Any CPU
	EndGlobalSection
	GlobalSection(SolutionProperties) = preSolution
		HideSolutionNode = FALSE
	EndGlobalSection
	GlobalSection(ExtensibilityGlobals) = postSolution
		SolutionGuid = {44BF7757-8689-4E64-A52E-5C371C71E7D4}
	EndGlobalSection
EndGlobal
